
Microsoft Visual Studio Solution File, Format Version 12.00
# Visual Studio Version 17
VisualStudioVersion = 17.5.002.0
MinimumVisualStudioVersion = 10.0.40219.1
Project("{9A19103F-16F7-4668-BE54-9A1E7A4F7556}") = "WeatherAPI", "WeatherAPI.csproj", "{957AAE6F-65F5-40F9-BCAA-4EFC47345902}"
EndProject
Global
	GlobalSection(SolutionConfigurationPlatforms) = preSolution
		Debug|Any CPU = Debug|Any CPU
		Release|Any CPU = Release|Any CPU
	EndGlobalSection
	GlobalSection(ProjectConfigurationPlatforms) = postSolution
		{957AAE6F-65F5-40F9-BCAA-4EFC47345902}.Debug|Any CPU.ActiveCfg = Debug|Any CPU
		{957AAE6F-65F5-40F9-BCAA-4EFC47345902}.Debug|Any CPU.Build.0 = Debug|Any CPU
		{957AAE6F-65F5-40F9-BCAA-4EFC47345902}.Release|Any CPU.ActiveCfg = Release|Any CPU
		{957AAE6F-65F5-40F9-BCAA-4EFC47345902}.Release|Any CPU.Build.0 = Release|Any CPU
	EndGlobalSection
	GlobalSection(SolutionProperties) = preSolution
		HideSolutionNode = FALSE
	EndGlobalSection
	GlobalSection(ExtensibilityGlobals) = postSolution
		SolutionGuid = {D9022951-6498-40AF-A705-20F80A2E1284}
	EndGlobalSection
EndGlobal
